// !$*UTF8*$!
{
	archiveVersion = 1;
	classes = {
	};
	objectVersion = 46;
	objects = {

/* Begin PBXBuildFile section */
		074D2BC9189CCFA700AC24FC /* Foundation.framework in Frameworks */ = {isa = PBXBuildFile; fileRef = 074D2BC8189CCFA700AC24FC /* Foundation.framework */; };
		074D2BCB189CCFA700AC24FC /* CoreGraphics.framework in Frameworks */ = {isa = PBXBuildFile; fileRef = 074D2BCA189CCFA700AC24FC /* CoreGraphics.framework */; };
		074D2BCD189CCFA700AC24FC /* UIKit.framework in Frameworks */ = {isa = PBXBuildFile; fileRef = 074D2BCC189CCFA700AC24FC /* UIKit.framework */; };
		074D2BD3189CCFA700AC24FC /* InfoPlist.strings in Resources */ = {isa = PBXBuildFile; fileRef = 074D2BD1189CCFA700AC24FC /* InfoPlist.strings */; };
		074D2BD5189CCFA700AC24FC /* main.m in Sources */ = {isa = PBXBuildFile; fileRef = 074D2BD4189CCFA700AC24FC /* main.m */; };
		074D2BD9189CCFA700AC24FC /* AppDelegate.m in Sources */ = {isa = PBXBuildFile; fileRef = 074D2BD8189CCFA700AC24FC /* AppDelegate.m */; };
		074D2BDC189CCFA700AC24FC /* Main.storyboard in Resources */ = {isa = PBXBuildFile; fileRef = 074D2BDA189CCFA700AC24FC /* Main.storyboard */; };
		074D2BDF189CCFA700AC24FC /* ViewController.m in Sources */ = {isa = PBXBuildFile; fileRef = 074D2BDE189CCFA700AC24FC /* ViewController.m */; };
		074D2BE1189CCFA700AC24FC /* Images.xcassets in Resources */ = {isa = PBXBuildFile; fileRef = 074D2BE0189CCFA700AC24FC /* Images.xcassets */; };
		074D2BE8189CCFA700AC24FC /* XCTest.framework in Frameworks */ = {isa = PBXBuildFile; fileRef = 074D2BE7189CCFA700AC24FC /* XCTest.framework */; };
		074D2BE9189CCFA700AC24FC /* Foundation.framework in Frameworks */ = {isa = PBXBuildFile; fileRef = 074D2BC8189CCFA700AC24FC /* Foundation.framework */; };
		074D2BEA189CCFA700AC24FC /* UIKit.framework in Frameworks */ = {isa = PBXBuildFile; fileRef = 074D2BCC189CCFA700AC24FC /* UIKit.framework */; };
		074D2BF2189CCFA700AC24FC /* InfoPlist.strings in Resources */ = {isa = PBXBuildFile; fileRef = 074D2BF0189CCFA700AC24FC /* InfoPlist.strings */; };
		074D2BF4189CCFA700AC24FC /* PaintTests.m in Sources */ = {isa = PBXBuildFile; fileRef = 074D2BF3189CCFA700AC24FC /* PaintTests.m */; };
		074D2BFE189CD0E300AC24FC /* Twitter.framework in Frameworks */ = {isa = PBXBuildFile; fileRef = 074D2BFD189CD0E300AC24FC /* Twitter.framework */; };
		07991BCF189CD4EB00BD2C99 /* b.png in Resources */ = {isa = PBXBuildFile; fileRef = 07991BB9189CD4EB00BD2C99 /* b.png */; };
		07991BD0189CD4EB00BD2C99 /* b.png in Resources */ = {isa = PBXBuildFile; fileRef = 07991BB9189CD4EB00BD2C99 /* b.png */; };
		07991BD1189CD4EB00BD2C99 /* Black.png in Resources */ = {isa = PBXBuildFile; fileRef = 07991BBA189CD4EB00BD2C99 /* Black.png */; };
		07991BD2189CD4EB00BD2C99 /* Black.png in Resources */ = {isa = PBXBuildFile; fileRef = 07991BBA189CD4EB00BD2C99 /* Black.png */; };
		07991BD3189CD4EB00BD2C99 /* Blue.png in Resources */ = {isa = PBXBuildFile; fileRef = 07991BBB189CD4EB00BD2C99 /* Blue.png */; };
		07991BD4189CD4EB00BD2C99 /* Blue.png in Resources */ = {isa = PBXBuildFile; fileRef = 07991BBB189CD4EB00BD2C99 /* Blue.png */; };
		07991BD5189CD4EB00BD2C99 /* Brown.png in Resources */ = {isa = PBXBuildFile; fileRef = 07991BBC189CD4EB00BD2C99 /* Brown.png */; };
		07991BD6189CD4EB00BD2C99 /* Brown.png in Resources */ = {isa = PBXBuildFile; fileRef = 07991BBC189CD4EB00BD2C99 /* Brown.png */; };
		07991BD7189CD4EB00BD2C99 /* Custom-Color.png in Resources */ = {isa = PBXBuildFile; fileRef = 07991BBD189CD4EB00BD2C99 /* Custom-Color.png */; };
		07991BD8189CD4EB00BD2C99 /* Custom-Color.png in Resources */ = {isa = PBXBuildFile; fileRef = 07991BBD189CD4EB00BD2C99 /* Custom-Color.png */; };
		07991BD9189CD4EB00BD2C99 /* DarkGreen.png in Resources */ = {isa = PBXBuildFile; fileRef = 07991BBE189CD4EB00BD2C99 /* DarkGreen.png */; };
		07991BDA189CD4EB00BD2C99 /* DarkGreen.png in Resources */ = {isa = PBXBuildFile; fileRef = 07991BBE189CD4EB00BD2C99 /* DarkGreen.png */; };
		07991BDB189CD4EB00BD2C99 /* DarkOrange.png in Resources */ = {isa = PBXBuildFile; fileRef = 07991BBF189CD4EB00BD2C99 /* DarkOrange.png */; };
		07991BDC189CD4EB00BD2C99 /* DarkOrange.png in Resources */ = {isa = PBXBuildFile; fileRef = 07991BBF189CD4EB00BD2C99 /* DarkOrange.png */; };
		07991BDD189CD4EB00BD2C99 /* Eraser.png in Resources */ = {isa = PBXBuildFile; fileRef = 07991BC0189CD4EB00BD2C99 /* Eraser.png */; };
		07991BDE189CD4EB00BD2C99 /* Eraser.png in Resources */ = {isa = PBXBuildFile; fileRef = 07991BC0189CD4EB00BD2C99 /* Eraser.png */; };
		07991BDF189CD4EB00BD2C99 /* g.png in Resources */ = {isa = PBXBuildFile; fileRef = 07991BC1189CD4EB00BD2C99 /* g.png */; };
		07991BE0189CD4EB00BD2C99 /* g.png in Resources */ = {isa = PBXBuildFile; fileRef = 07991BC1189CD4EB00BD2C99 /* g.png */; };
		07991BE1189CD4EB00BD2C99 /* Grey.png in Resources */ = {isa = PBXBuildFile; fileRef = 07991BC2189CD4EB00BD2C99 /* Grey.png */; };
		07991BE2189CD4EB00BD2C99 /* Grey.png in Resources */ = {isa = PBXBuildFile; fileRef = 07991BC2189CD4EB00BD2C99 /* Grey.png */; };
		07991BE3189CD4EB00BD2C99 /* LightBlue.png in Resources */ = {isa = PBXBuildFile; fileRef = 07991BC3189CD4EB00BD2C99 /* LightBlue.png */; };
		07991BE4189CD4EB00BD2C99 /* LightBlue.png in Resources */ = {isa = PBXBuildFile; fileRef = 07991BC3189CD4EB00BD2C99 /* LightBlue.png */; };
		07991BE5189CD4EB00BD2C99 /* LightGreen.png in Resources */ = {isa = PBXBuildFile; fileRef = 07991BC4189CD4EB00BD2C99 /* LightGreen.png */; };
		07991BE6189CD4EB00BD2C99 /* LightGreen.png in Resources */ = {isa = PBXBuildFile; fileRef = 07991BC4189CD4EB00BD2C99 /* LightGreen.png */; };
		07991BE7189CD4EB00BD2C99 /* Opacity.png in Resources */ = {isa = PBXBuildFile; fileRef = 07991BC5189CD4EB00BD2C99 /* Opacity.png */; };
		07991BE8189CD4EB00BD2C99 /* Opacity.png in Resources */ = {isa = PBXBuildFile; fileRef = 07991BC5189CD4EB00BD2C99 /* Opacity.png */; };
		07991BE9189CD4EB00BD2C99 /* r.png in Resources */ = {isa = PBXBuildFile; fileRef = 07991BC6189CD4EB00BD2C99 /* r.png */; };
		07991BEA189CD4EB00BD2C99 /* r.png in Resources */ = {isa = PBXBuildFile; fileRef = 07991BC6189CD4EB00BD2C99 /* r.png */; };
		07991BEB189CD4EB00BD2C99 /* Red.png in Resources */ = {isa = PBXBuildFile; fileRef = 07991BC7189CD4EB00BD2C99 /* Red.png */; };
		07991BEC189CD4EB00BD2C99 /* Red.png in Resources */ = {isa = PBXBuildFile; fileRef = 07991BC7189CD4EB00BD2C99 /* Red.png */; };
		07991BED189CD4EB00BD2C99 /* reset-Small.png in Resources */ = {isa = PBXBuildFile; fileRef = 07991BC8189CD4EB00BD2C99 /* reset-Small.png */; };
		07991BEE189CD4EB00BD2C99 /* reset-Small.png in Resources */ = {isa = PBXBuildFile; fileRef = 07991BC8189CD4EB00BD2C99 /* reset-Small.png */; };
		07991BEF189CD4EB00BD2C99 /* Save-Small.png in Resources */ = {isa = PBXBuildFile; fileRef = 07991BC9189CD4EB00BD2C99 /* Save-Small.png */; };
		07991BF0189CD4EB00BD2C99 /* Save-Small.png in Resources */ = {isa = PBXBuildFile; fileRef = 07991BC9189CD4EB00BD2C99 /* Save-Small.png */; };
		07991BF1189CD4EB00BD2C99 /* Setting-1.png in Resources */ = {isa = PBXBuildFile; fileRef = 07991BCA189CD4EB00BD2C99 /* Setting-1.png */; };
		07991BF2189CD4EB00BD2C99 /* Setting-1.png in Resources */ = {isa = PBXBuildFile; fileRef = 07991BCA189CD4EB00BD2C99 /* Setting-1.png */; };
		07991BF3189CD4EB00BD2C99 /* Setting-2.png in Resources */ = {isa = PBXBuildFile; fileRef = 07991BCB189CD4EB00BD2C99 /* Setting-2.png */; };
		07991BF4189CD4EB00BD2C99 /* Setting-2.png in Resources */ = {isa = PBXBuildFile; fileRef = 07991BCB189CD4EB00BD2C99 /* Setting-2.png */; };
		07991BF5189CD4EB00BD2C99 /* thickness.png in Resources */ = {isa = PBXBuildFile; fileRef = 07991BCC189CD4EB00BD2C99 /* thickness.png */; };
		07991BF6189CD4EB00BD2C99 /* thickness.png in Resources */ = {isa = PBXBuildFile; fileRef = 07991BCC189CD4EB00BD2C99 /* thickness.png */; };
		07991BF7189CD4EB00BD2C99 /* width.png in Resources */ = {isa = PBXBuildFile; fileRef = 07991BCD189CD4EB00BD2C99 /* width.png */; };
		07991BF8189CD4EB00BD2C99 /* width.png in Resources */ = {isa = PBXBuildFile; fileRef = 07991BCD189CD4EB00BD2C99 /* width.png */; };
		07991BF9189CD4EB00BD2C99 /* Yellow.png in Resources */ = {isa = PBXBuildFile; fileRef = 07991BCE189CD4EB00BD2C99 /* Yellow.png */; };
		07991BFA189CD4EB00BD2C99 /* Yellow.png in Resources */ = {isa = PBXBuildFile; fileRef = 07991BCE189CD4EB00BD2C99 /* Yellow.png */; };
		07991BFD189CF3E000BD2C99 /* SettingViewController.m in Sources */ = {isa = PBXBuildFile; fileRef = 07991BFC189CF3E000BD2C99 /* SettingViewController.m */; };
		07991BFE189CF3E000BD2C99 /* SettingViewController.m in Sources */ = {isa = PBXBuildFile; fileRef = 07991BFC189CF3E000BD2C99 /* SettingViewController.m */; };
/* End PBXBuildFile section */

/* Begin PBXContainerItemProxy section */
		074D2BEB189CCFA700AC24FC /* PBXContainerItemProxy */ = {
			isa = PBXContainerItemProxy;
			containerPortal = 074D2BBD189CCFA700AC24FC /* Project object */;
			proxyType = 1;
			remoteGlobalIDString = 074D2BC4189CCFA700AC24FC;
			remoteInfo = Paint;
		};
/* End PBXContainerItemProxy section */

/* Begin PBXFileReference section */
		074D2BC5189CCFA700AC24FC /* Paint.app */ = {isa = PBXFileReference; explicitFileType = wrapper.application; includeInIndex = 0; path = Paint.app; sourceTree = BUILT_PRODUCTS_DIR; };
		074D2BC8189CCFA700AC24FC /* Foundation.framework */ = {isa = PBXFileReference; lastKnownFileType = wrapper.framework; name = Foundation.framework; path = System/Library/Frameworks/Foundation.framework; sourceTree = SDKROOT; };
		074D2BCA189CCFA700AC24FC /* CoreGraphics.framework */ = {isa = PBXFileReference; lastKnownFileType = wrapper.framework; name = CoreGraphics.framework; path = System/Library/Frameworks/CoreGraphics.framework; sourceTree = SDKROOT; };
		074D2BCC189CCFA700AC24FC /* UIKit.framework */ = {isa = PBXFileReference; lastKnownFileType = wrapper.framework; name = UIKit.framework; path = System/Library/Frameworks/UIKit.framework; sourceTree = SDKROOT; };
		074D2BD0189CCFA700AC24FC /* Paint-Info.plist */ = {isa = PBXFileReference; lastKnownFileType = text.plist.xml; path = "Paint-Info.plist"; sourceTree = "<group>"; };
		074D2BD2189CCFA700AC24FC /* en */ = {isa = PBXFileReference; lastKnownFileType = text.plist.strings; name = en; path = en.lproj/InfoPlist.strings; sourceTree = "<group>"; };
		074D2BD4189CCFA700AC24FC /* main.m */ = {isa = PBXFileReference; lastKnownFileType = sourcecode.c.objc; path = main.m; sourceTree = "<group>"; };
		074D2BD6189CCFA700AC24FC /* Paint-Prefix.pch */ = {isa = PBXFileReference; lastKnownFileType = sourcecode.c.h; path = "Paint-Prefix.pch"; sourceTree = "<group>"; };
		074D2BD7189CCFA700AC24FC /* AppDelegate.h */ = {isa = PBXFileReference; lastKnownFileType = sourcecode.c.h; path = AppDelegate.h; sourceTree = "<group>"; };
		074D2BD8189CCFA700AC24FC /* AppDelegate.m */ = {isa = PBXFileReference; lastKnownFileType = sourcecode.c.objc; path = AppDelegate.m; sourceTree = "<group>"; };
		074D2BDB189CCFA700AC24FC /* Base */ = {isa = PBXFileReference; lastKnownFileType = file.storyboard; name = Base; path = Base.lproj/Main.storyboard; sourceTree = "<group>"; };
		074D2BDD189CCFA700AC24FC /* ViewController.h */ = {isa = PBXFileReference; lastKnownFileType = sourcecode.c.h; path = ViewController.h; sourceTree = "<group>"; };
		074D2BDE189CCFA700AC24FC /* ViewController.m */ = {isa = PBXFileReference; lastKnownFileType = sourcecode.c.objc; path = ViewController.m; sourceTree = "<group>"; };
		074D2BE0189CCFA700AC24FC /* Images.xcassets */ = {isa = PBXFileReference; lastKnownFileType = folder.assetcatalog; path = Images.xcassets; sourceTree = "<group>"; };
		074D2BE6189CCFA700AC24FC /* PaintTests.xctest */ = {isa = PBXFileReference; explicitFileType = wrapper.cfbundle; includeInIndex = 0; path = PaintTests.xctest; sourceTree = BUILT_PRODUCTS_DIR; };
		074D2BE7189CCFA700AC24FC /* XCTest.framework */ = {isa = PBXFileReference; lastKnownFileType = wrapper.framework; name = XCTest.framework; path = Library/Frameworks/XCTest.framework; sourceTree = DEVELOPER_DIR; };
		074D2BEF189CCFA700AC24FC /* PaintTests-Info.plist */ = {isa = PBXFileReference; lastKnownFileType = text.plist.xml; path = "PaintTests-Info.plist"; sourceTree = "<group>"; };
		074D2BF1189CCFA700AC24FC /* en */ = {isa = PBXFileReference; lastKnownFileType = text.plist.strings; name = en; path = en.lproj/InfoPlist.strings; sourceTree = "<group>"; };
		074D2BF3189CCFA700AC24FC /* PaintTests.m */ = {isa = PBXFileReference; lastKnownFileType = sourcecode.c.objc; path = PaintTests.m; sourceTree = "<group>"; };
		074D2BFD189CD0E300AC24FC /* Twitter.framework */ = {isa = PBXFileReference; lastKnownFileType = wrapper.framework; name = Twitter.framework; path = System/Library/Frameworks/Twitter.framework; sourceTree = SDKROOT; };
		07991BB9189CD4EB00BD2C99 /* b.png */ = {isa = PBXFileReference; lastKnownFileType = image.png; path = b.png; sourceTree = "<group>"; };
		07991BBA189CD4EB00BD2C99 /* Black.png */ = {isa = PBXFileReference; lastKnownFileType = image.png; path = Black.png; sourceTree = "<group>"; };
		07991BBB189CD4EB00BD2C99 /* Blue.png */ = {isa = PBXFileReference; lastKnownFileType = image.png; path = Blue.png; sourceTree = "<group>"; };
		07991BBC189CD4EB00BD2C99 /* Brown.png */ = {isa = PBXFileReference; lastKnownFileType = image.png; path = Brown.png; sourceTree = "<group>"; };
		07991BBD189CD4EB00BD2C99 /* Custom-Color.png */ = {isa = PBXFileReference; lastKnownFileType = image.png; path = "Custom-Color.png"; sourceTree = "<group>"; };
		07991BBE189CD4EB00BD2C99 /* DarkGreen.png */ = {isa = PBXFileReference; lastKnownFileType = image.png; path = DarkGreen.png; sourceTree = "<group>"; };
		07991BBF189CD4EB00BD2C99 /* DarkOrange.png */ = {isa = PBXFileReference; lastKnownFileType = image.png; path = DarkOrange.png; sourceTree = "<group>"; };
		07991BC0189CD4EB00BD2C99 /* Eraser.png */ = {isa = PBXFileReference; lastKnownFileType = image.png; path = Eraser.png; sourceTree = "<group>"; };
		07991BC1189CD4EB00BD2C99 /* g.png */ = {isa = PBXFileReference; lastKnownFileType = image.png; path = g.png; sourceTree = "<group>"; };
		07991BC2189CD4EB00BD2C99 /* Grey.png */ = {isa = PBXFileReference; lastKnownFileType = image.png; path = Grey.png; sourceTree = "<group>"; };
		07991BC3189CD4EB00BD2C99 /* LightBlue.png */ = {isa = PBXFileReference; lastKnownFileType = image.png; path = LightBlue.png; sourceTree = "<group>"; };
		07991BC4189CD4EB00BD2C99 /* LightGreen.png */ = {isa = PBXFileReference; lastKnownFileType = image.png; path = LightGreen.png; sourceTree = "<group>"; };
		07991BC5189CD4EB00BD2C99 /* Opacity.png */ = {isa = PBXFileReference; lastKnownFileType = image.png; path = Opacity.png; sourceTree = "<group>"; };
		07991BC6189CD4EB00BD2C99 /* r.png */ = {isa = PBXFileReference; lastKnownFileType = image.png; path = r.png; sourceTree = "<group>"; };
		07991BC7189CD4EB00BD2C99 /* Red.png */ = {isa = PBXFileReference; lastKnownFileType = image.png; path = Red.png; sourceTree = "<group>"; };
		07991BC8189CD4EB00BD2C99 /* reset-Small.png */ = {isa = PBXFileReference; lastKnownFileType = image.png; path = "reset-Small.png"; sourceTree = "<group>"; };
		07991BC9189CD4EB00BD2C99 /* Save-Small.png */ = {isa = PBXFileReference; lastKnownFileType = image.png; path = "Save-Small.png"; sourceTree = "<group>"; };
		07991BCA189CD4EB00BD2C99 /* Setting-1.png */ = {isa = PBXFileReference; lastKnownFileType = image.png; path = "Setting-1.png"; sourceTree = "<group>"; };
		07991BCB189CD4EB00BD2C99 /* Setting-2.png */ = {isa = PBXFileReference; lastKnownFileType = image.png; path = "Setting-2.png"; sourceTree = "<group>"; };
		07991BCC189CD4EB00BD2C99 /* thickness.png */ = {isa = PBXFileReference; lastKnownFileType = image.png; path = thickness.png; sourceTree = "<group>"; };
		07991BCD189CD4EB00BD2C99 /* width.png */ = {isa = PBXFileReference; lastKnownFileType = image.png; path = width.png; sourceTree = "<group>"; };
		07991BCE189CD4EB00BD2C99 /* Yellow.png */ = {isa = PBXFileReference; lastKnownFileType = image.png; path = Yellow.png; sourceTree = "<group>"; };
		07991BFB189CF3E000BD2C99 /* SettingViewController.h */ = {isa = PBXFileReference; fileEncoding = 4; lastKnownFileType = sourcecode.c.h; path = SettingViewController.h; sourceTree = "<group>"; };
		07991BFC189CF3E000BD2C99 /* SettingViewController.m */ = {isa = PBXFileReference; fileEncoding = 4; lastKnownFileType = sourcecode.c.objc; path = SettingViewController.m; sourceTree = "<group>"; };
/* End PBXFileReference section */

/* Begin PBXFrameworksBuildPhase section */
		074D2BC2189CCFA700AC24FC /* Frameworks */ = {
			isa = PBXFrameworksBuildPhase;
			buildActionMask = 2147483647;
			files = (
				074D2BFE189CD0E300AC24FC /* Twitter.framework in Frameworks */,
				074D2BCB189CCFA700AC24FC /* CoreGraphics.framework in Frameworks */,
				074D2BCD189CCFA700AC24FC /* UIKit.framework in Frameworks */,
				074D2BC9189CCFA700AC24FC /* Foundation.framework in Frameworks */,
			);
			runOnlyForDeploymentPostprocessing = 0;
		};
		074D2BE3189CCFA700AC24FC /* Frameworks */ = {
			isa = PBXFrameworksBuildPhase;
			buildActionMask = 2147483647;
			files = (
				074D2BE8189CCFA700AC24FC /* XCTest.framework in Frameworks */,
				074D2BEA189CCFA700AC24FC /* UIKit.framework in Frameworks */,
				074D2BE9189CCFA700AC24FC /* Foundation.framework in Frameworks */,
			);
			runOnlyForDeploymentPostprocessing = 0;
		};
/* End PBXFrameworksBuildPhase section */

/* Begin PBXGroup section */
		074D2BBC189CCFA700AC24FC = {
			isa = PBXGroup;
			children = (
				07991BFB189CF3E000BD2C99 /* SettingViewController.h */,
				07991BFC189CF3E000BD2C99 /* SettingViewController.m */,
				074D2BCE189CCFA700AC24FC /* Paint */,
				074D2BED189CCFA700AC24FC /* PaintTests */,
				074D2BC7189CCFA700AC24FC /* Frameworks */,
				074D2BC6189CCFA700AC24FC /* Products */,
			);
			sourceTree = "<group>";
		};
		074D2BC6189CCFA700AC24FC /* Products */ = {
			isa = PBXGroup;
			children = (
				074D2BC5189CCFA700AC24FC /* Paint.app */,
				074D2BE6189CCFA700AC24FC /* PaintTests.xctest */,
			);
			name = Products;
			sourceTree = "<group>";
		};
		074D2BC7189CCFA700AC24FC /* Frameworks */ = {
			isa = PBXGroup;
			children = (
				074D2BFD189CD0E300AC24FC /* Twitter.framework */,
				074D2BC8189CCFA700AC24FC /* Foundation.framework */,
				074D2BCA189CCFA700AC24FC /* CoreGraphics.framework */,
				074D2BCC189CCFA700AC24FC /* UIKit.framework */,
				074D2BE7189CCFA700AC24FC /* XCTest.framework */,
			);
			name = Frameworks;
			sourceTree = "<group>";
		};
		074D2BCE189CCFA700AC24FC /* Paint */ = {
			isa = PBXGroup;
			children = (
				074D2BD7189CCFA700AC24FC /* AppDelegate.h */,
				074D2BD8189CCFA700AC24FC /* AppDelegate.m */,
				074D2BDA189CCFA700AC24FC /* Main.storyboard */,
				074D2BDD189CCFA700AC24FC /* ViewController.h */,
				074D2BDE189CCFA700AC24FC /* ViewController.m */,
				074D2BE0189CCFA700AC24FC /* Images.xcassets */,
				074D2BCF189CCFA700AC24FC /* Supporting Files */,
			);
			path = Paint;
			sourceTree = "<group>";
		};
		074D2BCF189CCFA700AC24FC /* Supporting Files */ = {
			isa = PBXGroup;
			children = (
				074D2BD0189CCFA700AC24FC /* Paint-Info.plist */,
				074D2BD1189CCFA700AC24FC /* InfoPlist.strings */,
				074D2BD4189CCFA700AC24FC /* main.m */,
				074D2BD6189CCFA700AC24FC /* Paint-Prefix.pch */,
			);
			name = "Supporting Files";
			sourceTree = "<group>";
		};
		074D2BED189CCFA700AC24FC /* PaintTests */ = {
			isa = PBXGroup;
			children = (
				074D2BF3189CCFA700AC24FC /* PaintTests.m */,
				074D2BEE189CCFA700AC24FC /* Supporting Files */,
			);
			path = PaintTests;
			sourceTree = "<group>";
		};
		074D2BEE189CCFA700AC24FC /* Supporting Files */ = {
			isa = PBXGroup;
			children = (
				07991BB8189CD4EB00BD2C99 /* Graphics */,
				074D2BEF189CCFA700AC24FC /* PaintTests-Info.plist */,
				074D2BF0189CCFA700AC24FC /* InfoPlist.strings */,
			);
			name = "Supporting Files";
			sourceTree = "<group>";
		};
		07991BB8189CD4EB00BD2C99 /* Graphics */ = {
			isa = PBXGroup;
			children = (
				07991BB9189CD4EB00BD2C99 /* b.png */,
				07991BBA189CD4EB00BD2C99 /* Black.png */,
				07991BBB189CD4EB00BD2C99 /* Blue.png */,
				07991BBC189CD4EB00BD2C99 /* Brown.png */,
				07991BBD189CD4EB00BD2C99 /* Custom-Color.png */,
				07991BBE189CD4EB00BD2C99 /* DarkGreen.png */,
				07991BBF189CD4EB00BD2C99 /* DarkOrange.png */,
				07991BC0189CD4EB00BD2C99 /* Eraser.png */,
				07991BC1189CD4EB00BD2C99 /* g.png */,
				07991BC2189CD4EB00BD2C99 /* Grey.png */,
				07991BC3189CD4EB00BD2C99 /* LightBlue.png */,
				07991BC4189CD4EB00BD2C99 /* LightGreen.png */,
				07991BC5189CD4EB00BD2C99 /* Opacity.png */,
				07991BC6189CD4EB00BD2C99 /* r.png */,
				07991BC7189CD4EB00BD2C99 /* Red.png */,
				07991BC8189CD4EB00BD2C99 /* reset-Small.png */,
				07991BC9189CD4EB00BD2C99 /* Save-Small.png */,
				07991BCA189CD4EB00BD2C99 /* Setting-1.png */,
				07991BCB189CD4EB00BD2C99 /* Setting-2.png */,
				07991BCC189CD4EB00BD2C99 /* thickness.png */,
				07991BCD189CD4EB00BD2C99 /* width.png */,
				07991BCE189CD4EB00BD2C99 /* Yellow.png */,
			);
			path = Graphics;
			sourceTree = "<group>";
		};
/* End PBXGroup section */

/* Begin PBXNativeTarget section */
		074D2BC4189CCFA700AC24FC /* Paint */ = {
			isa = PBXNativeTarget;
			buildConfigurationList = 074D2BF7189CCFA700AC24FC /* Build configuration list for PBXNativeTarget "Paint" */;
			buildPhases = (
				074D2BC1189CCFA700AC24FC /* Sources */,
				074D2BC2189CCFA700AC24FC /* Frameworks */,
				074D2BC3189CCFA700AC24FC /* Resources */,
			);
			buildRules = (
			);
			dependencies = (
			);
			name = Paint;
			productName = Paint;
			productReference = 074D2BC5189CCFA700AC24FC /* Paint.app */;
			productType = "com.apple.product-type.application";
		};
		074D2BE5189CCFA700AC24FC /* PaintTests */ = {
			isa = PBXNativeTarget;
			buildConfigurationList = 074D2BFA189CCFA700AC24FC /* Build configuration list for PBXNativeTarget "PaintTests" */;
			buildPhases = (
				074D2BE2189CCFA700AC24FC /* Sources */,
				074D2BE3189CCFA700AC24FC /* Frameworks */,
				074D2BE4189CCFA700AC24FC /* Resources */,
			);
			buildRules = (
			);
			dependencies = (
				074D2BEC189CCFA700AC24FC /* PBXTargetDependency */,
			);
			name = PaintTests;
			productName = PaintTests;
			productReference = 074D2BE6189CCFA700AC24FC /* PaintTests.xctest */;
			productType = "com.apple.product-type.bundle.unit-test";
		};
/* End PBXNativeTarget section */

/* Begin PBXProject section */
		074D2BBD189CCFA700AC24FC /* Project object */ = {
			isa = PBXProject;
			attributes = {
				LastUpgradeCheck = 0500;
				ORGANIZATIONNAME = KLOON;
				TargetAttributes = {
					074D2BE5189CCFA700AC24FC = {
						TestTargetID = 074D2BC4189CCFA700AC24FC;
					};
				};
			};
			buildConfigurationList = 074D2BC0189CCFA700AC24FC /* Build configuration list for PBXProject "Paint" */;
			compatibilityVersion = "Xcode 3.2";
			developmentRegion = English;
			hasScannedForEncodings = 0;
			knownRegions = (
				en,
				Base,
			);
			mainGroup = 074D2BBC189CCFA700AC24FC;
			productRefGroup = 074D2BC6189CCFA700AC24FC /* Products */;
			projectDirPath = "";
			projectRoot = "";
			targets = (
				074D2BC4189CCFA700AC24FC /* Paint */,
				074D2BE5189CCFA700AC24FC /* PaintTests */,
			);
		};
/* End PBXProject section */

/* Begin PBXResourcesBuildPhase section */
		074D2BC3189CCFA700AC24FC /* Resources */ = {
			isa = PBXResourcesBuildPhase;
			buildActionMask = 2147483647;
			files = (
				07991BE5189CD4EB00BD2C99 /* LightGreen.png in Resources */,
				07991BE1189CD4EB00BD2C99 /* Grey.png in Resources */,
				074D2BE1189CCFA700AC24FC /* Images.xcassets in Resources */,
				07991BD1189CD4EB00BD2C99 /* Black.png in Resources */,
				07991BF7189CD4EB00BD2C99 /* width.png in Resources */,
				07991BDD189CD4EB00BD2C99 /* Eraser.png in Resources */,
				07991BF9189CD4EB00BD2C99 /* Yellow.png in Resources */,
				07991BDF189CD4EB00BD2C99 /* g.png in Resources */,
				07991BD7189CD4EB00BD2C99 /* Custom-Color.png in Resources */,
				07991BE7189CD4EB00BD2C99 /* Opacity.png in Resources */,
				07991BF1189CD4EB00BD2C99 /* Setting-1.png in Resources */,
				074D2BD3189CCFA700AC24FC /* InfoPlist.strings in Resources */,
				07991BD9189CD4EB00BD2C99 /* DarkGreen.png in Resources */,
				07991BEF189CD4EB00BD2C99 /* Save-Small.png in Resources */,
				07991BD3189CD4EB00BD2C99 /* Blue.png in Resources */,
				07991BD5189CD4EB00BD2C99 /* Brown.png in Resources */,
				07991BF5189CD4EB00BD2C99 /* thickness.png in Resources */,
				07991BCF189CD4EB00BD2C99 /* b.png in Resources */,
				07991BED189CD4EB00BD2C99 /* reset-Small.png in Resources */,
				074D2BDC189CCFA700AC24FC /* Main.storyboard in Resources */,
				07991BE3189CD4EB00BD2C99 /* LightBlue.png in Resources */,
				07991BEB189CD4EB00BD2C99 /* Red.png in Resources */,
				07991BE9189CD4EB00BD2C99 /* r.png in Resources */,
				07991BDB189CD4EB00BD2C99 /* DarkOrange.png in Resources */,
				07991BF3189CD4EB00BD2C99 /* Setting-2.png in Resources */,
			);
			runOnlyForDeploymentPostprocessing = 0;
		};
		074D2BE4189CCFA700AC24FC /* Resources */ = {
			isa = PBXResourcesBuildPhase;
			buildActionMask = 2147483647;
			files = (
				07991BD6189CD4EB00BD2C99 /* Brown.png in Resources */,
				07991BF4189CD4EB00BD2C99 /* Setting-2.png in Resources */,
				07991BE0189CD4EB00BD2C99 /* g.png in Resources */,
				07991BD2189CD4EB00BD2C99 /* Black.png in Resources */,
				07991BE8189CD4EB00BD2C99 /* Opacity.png in Resources */,
				07991BD0189CD4EB00BD2C99 /* b.png in Resources */,
				07991BEC189CD4EB00BD2C99 /* Red.png in Resources */,
				07991BF0189CD4EB00BD2C99 /* Save-Small.png in Resources */,
				07991BE4189CD4EB00BD2C99 /* LightBlue.png in Resources */,
				07991BE6189CD4EB00BD2C99 /* LightGreen.png in Resources */,
				074D2BF2189CCFA700AC24FC /* InfoPlist.strings in Resources */,
				07991BFA189CD4EB00BD2C99 /* Yellow.png in Resources */,
				07991BF2189CD4EB00BD2C99 /* Setting-1.png in Resources */,
				07991BF8189CD4EB00BD2C99 /* width.png in Resources */,
				07991BEE189CD4EB00BD2C99 /* reset-Small.png in Resources */,
				07991BDE189CD4EB00BD2C99 /* Eraser.png in Resources */,
				07991BEA189CD4EB00BD2C99 /* r.png in Resources */,
				07991BE2189CD4EB00BD2C99 /* Grey.png in Resources */,
				07991BD8189CD4EB00BD2C99 /* Custom-Color.png in Resources */,
				07991BDA189CD4EB00BD2C99 /* DarkGreen.png in Resources */,
				07991BD4189CD4EB00BD2C99 /* Blue.png in Resources */,
				07991BDC189CD4EB00BD2C99 /* DarkOrange.png in Resources */,
				07991BF6189CD4EB00BD2C99 /* thickness.png in Resources */,
			);
			runOnlyForDeploymentPostprocessing = 0;
		};
/* End PBXResourcesBuildPhase section */

/* Begin PBXSourcesBuildPhase section */
		074D2BC1189CCFA700AC24FC /* Sources */ = {
			isa = PBXSourcesBuildPhase;
			buildActionMask = 2147483647;
			files = (
				074D2BDF189CCFA700AC24FC /* ViewController.m in Sources */,
				074D2BD9189CCFA700AC24FC /* AppDelegate.m in Sources */,
				074D2BD5189CCFA700AC24FC /* main.m in Sources */,
				07991BFD189CF3E000BD2C99 /* SettingViewController.m in Sources */,
			);
			runOnlyForDeploymentPostprocessing = 0;
		};
		074D2BE2189CCFA700AC24FC /* Sources */ = {
			isa = PBXSourcesBuildPhase;
			buildActionMask = 2147483647;
			files = (
				074D2BF4189CCFA700AC24FC /* PaintTests.m in Sources */,
				07991BFE189CF3E000BD2C99 /* SettingViewController.m in Sources */,
			);
			runOnlyForDeploymentPostprocessing = 0;
		};
/* End PBXSourcesBuildPhase section */

/* Begin PBXTargetDependency section */
		074D2BEC189CCFA700AC24FC /* PBXTargetDependency */ = {
			isa = PBXTargetDependency;
			target = 074D2BC4189CCFA700AC24FC /* Paint */;
			targetProxy = 074D2BEB189CCFA700AC24FC /* PBXContainerItemProxy */;
		};
/* End PBXTargetDependency section */

/* Begin PBXVariantGroup section */
		074D2BD1189CCFA700AC24FC /* InfoPlist.strings */ = {
			isa = PBXVariantGroup;
			children = (
				074D2BD2189CCFA700AC24FC /* en */,
			);
			name = InfoPlist.strings;
			sourceTree = "<group>";
		};
		074D2BDA189CCFA700AC24FC /* Main.storyboard */ = {
			isa = PBXVariantGroup;
			children = (
				074D2BDB189CCFA700AC24FC /* Base */,
			);
			name = Main.storyboard;
			sourceTree = "<group>";
		};
		074D2BF0189CCFA700AC24FC /* InfoPlist.strings */ = {
			isa = PBXVariantGroup;
			children = (
				074D2BF1189CCFA700AC24FC /* en */,
			);
			name = InfoPlist.strings;
			sourceTree = "<group>";
		};
/* End PBXVariantGroup section */

/* Begin XCBuildConfiguration section */
		074D2BF5189CCFA700AC24FC /* Debug */ = {
			isa = XCBuildConfiguration;
			buildSettings = {
				ALWAYS_SEARCH_USER_PATHS = NO;
				ARCHS = "$(ARCHS_STANDARD_INCLUDING_64_BIT)";
				CLANG_CXX_LANGUAGE_STANDARD = "gnu++0x";
				CLANG_CXX_LIBRARY = "libc++";
				CLANG_ENABLE_MODULES = YES;
				CLANG_ENABLE_OBJC_ARC = YES;
				CLANG_WARN_BOOL_CONVERSION = YES;
				CLANG_WARN_CONSTANT_CONVERSION = YES;
				CLANG_WARN_DIRECT_OBJC_ISA_USAGE = YES_ERROR;
				CLANG_WARN_EMPTY_BODY = YES;
				CLANG_WARN_ENUM_CONVERSION = YES;
				CLANG_WARN_INT_CONVERSION = YES;
				CLANG_WARN_OBJC_ROOT_CLASS = YES_ERROR;
				CLANG_WARN__DUPLICATE_METHOD_MATCH = YES;
				"CODE_SIGN_IDENTITY[sdk=iphoneos*]" = "iPhone Developer";
				COPY_PHASE_STRIP = NO;
				GCC_C_LANGUAGE_STANDARD = gnu99;
				GCC_DYNAMIC_NO_PIC = NO;
				GCC_OPTIMIZATION_LEVEL = 0;
				GCC_PREPROCESSOR_DEFINITIONS = (
					"DEBUG=1",
					"$(inherited)",
				);
				GCC_SYMBOLS_PRIVATE_EXTERN = NO;
				GCC_WARN_64_TO_32_BIT_CONVERSION = YES;
				GCC_WARN_ABOUT_RETURN_TYPE = YES_ERROR;
				GCC_WARN_UNDECLARED_SELECTOR = YES;
				GCC_WARN_UNINITIALIZED_AUTOS = YES;
				GCC_WARN_UNUSED_FUNCTION = YES;
				GCC_WARN_UNUSED_VARIABLE = YES;
				IPHONEOS_DEPLOYMENT_TARGET = 7.0;
				ONLY_ACTIVE_ARCH = YES;
				SDKROOT = iphoneos;
			};
			name = Debug;
		};
		074D2BF6189CCFA700AC24FC /* Release */ = {
			isa = XCBuildConfiguration;
			buildSettings = {
				ALWAYS_SEARCH_USER_PATHS = NO;
				ARCHS = "$(ARCHS_STANDARD_INCLUDING_64_BIT)";
				CLANG_CXX_LANGUAGE_STANDARD = "gnu++0x";
				CLANG_CXX_LIBRARY = "libc++";
				CLANG_ENABLE_MODULES = YES;
				CLANG_ENABLE_OBJC_ARC = YES;
				CLANG_WARN_BOOL_CONVERSION = YES;
				CLANG_WARN_CONSTANT_CONVERSION = YES;
				CLANG_WARN_DIRECT_OBJC_ISA_USAGE = YES_ERROR;
				CLANG_WARN_EMPTY_BODY = YES;
				CLANG_WARN_ENUM_CONVERSION = YES;
				CLANG_WARN_INT_CONVERSION = YES;
				CLANG_WARN_OBJC_ROOT_CLASS = YES_ERROR;
				CLANG_WARN__DUPLICATE_METHOD_MATCH = YES;
				"CODE_SIGN_IDENTITY[sdk=iphoneos*]" = "iPhone Developer";
				COPY_PHASE_STRIP = YES;
				ENABLE_NS_ASSERTIONS = NO;
				GCC_C_LANGUAGE_STANDARD = gnu99;
				GCC_WARN_64_TO_32_BIT_CONVERSION = YES;
				GCC_WARN_ABOUT_RETURN_TYPE = YES_ERROR;
				GCC_WARN_UNDECLARED_SELECTOR = YES;
				GCC_WARN_UNINITIALIZED_AUTOS = YES;
				GCC_WARN_UNUSED_FUNCTION = YES;
				GCC_WARN_UNUSED_VARIABLE = YES;
				IPHONEOS_DEPLOYMENT_TARGET = 7.0;
				SDKROOT = iphoneos;
				VALIDATE_PRODUCT = YES;
			};
			name = Release;
		};
		074D2BF8189CCFA700AC24FC /* Debug */ = {
			isa = XCBuildConfiguration;
			buildSettings = {
				ASSETCATALOG_COMPILER_APPICON_NAME = AppIcon;
				ASSETCATALOG_COMPILER_LAUNCHIMAGE_NAME = LaunchImage;
				GCC_PRECOMPILE_PREFIX_HEADER = YES;
				GCC_PREFIX_HEADER = "Paint/Paint-Prefix.pch";
				INFOPLIST_FILE = "Paint/Paint-Info.plist";
				PRODUCT_NAME = "$(TARGET_NAME)";
				WRAPPER_EXTENSION = app;
			};
			name = Debug;
		};
		074D2BF9189CCFA700AC24FC /* Release */ = {
			isa = XCBuildConfiguration;
			buildSettings = {
				ASSETCATALOG_COMPILER_APPICON_NAME = AppIcon;
				ASSETCATALOG_COMPILER_LAUNCHIMAGE_NAME = LaunchImage;
				GCC_PRECOMPILE_PREFIX_HEADER = YES;
				GCC_PREFIX_HEADER = "Paint/Paint-Prefix.pch";
				INFOPLIST_FILE = "Paint/Paint-Info.plist";
				PRODUCT_NAME = "$(TARGET_NAME)";
				WRAPPER_EXTENSION = app;
			};
			name = Release;
		};
		074D2BFB189CCFA700AC24FC /* Debug */ = {
			isa = XCBuildConfiguration;
			buildSettings = {
				ARCHS = "$(ARCHS_STANDARD_INCLUDING_64_BIT)";
				BUNDLE_LOADER = "$(BUILT_PRODUCTS_DIR)/Paint.app/Paint";
				FRAMEWORK_SEARCH_PATHS = (
					"$(SDKROOT)/Developer/Library/Frameworks",
					"$(inherited)",
					"$(DEVELOPER_FRAMEWORKS_DIR)",
				);
				GCC_PRECOMPILE_PREFIX_HEADER = YES;
				GCC_PREFIX_HEADER = "Paint/Paint-Prefix.pch";
				GCC_PREPROCESSOR_DEFINITIONS = (
					"DEBUG=1",
					"$(inherited)",
				);
				INFOPLIST_FILE = "PaintTests/PaintTests-Info.plist";
				PRODUCT_NAME = "$(TARGET_NAME)";
				TEST_HOST = "$(BUNDLE_LOADER)";
				WRAPPER_EXTENSION = xctest;
			};
			name = Debug;
		};
		074D2BFC189CCFA700AC24FC /* Release */ = {
			isa = XCBuildConfiguration;
			buildSettings = {
				ARCHS = "$(ARCHS_STANDARD_INCLUDING_64_BIT)";
				BUNDLE_LOADER = "$(BUILT_PRODUCTS_DIR)/Paint.app/Paint";
				FRAMEWORK_SEARCH_PATHS = (
					"$(SDKROOT)/Developer/Library/Frameworks",
					"$(inherited)",
					"$(DEVELOPER_FRAMEWORKS_DIR)",
				);
				GCC_PRECOMPILE_PREFIX_HEADER = YES;
				GCC_PREFIX_HEADER = "Paint/Paint-Prefix.pch";
				INFOPLIST_FILE = "PaintTests/PaintTests-Info.plist";
				PRODUCT_NAME = "$(TARGET_NAME)";
				TEST_HOST = "$(BUNDLE_LOADER)";
				WRAPPER_EXTENSION = xctest;
			};
			name = Release;
		};
/* End XCBuildConfiguration section */

/* Begin XCConfigurationList section */
		074D2BC0189CCFA700AC24FC /* Build configuration list for PBXProject "Paint" */ = {
			isa = XCConfigurationList;
			buildConfigurations = (
				074D2BF5189CCFA700AC24FC /* Debug */,
				074D2BF6189CCFA700AC24FC /* Release */,
			);
			defaultConfigurationIsVisible = 0;
			defaultConfigurationName = Release;
		};
		074D2BF7189CCFA700AC24FC /* Build configuration list for PBXNativeTarget "Paint" */ = {
			isa = XCConfigurationList;
			buildConfigurations = (
				074D2BF8189CCFA700AC24FC /* Debug */,
				074D2BF9189CCFA700AC24FC /* Release */,
			);
			defaultConfigurationIsVisible = 0;
			defaultConfigurationName = Release;
		};
		074D2BFA189CCFA700AC24FC /* Build configuration list for PBXNativeTarget "PaintTests" */ = {
			isa = XCConfigurationList;
			buildConfigurations = (
				074D2BFB189CCFA700AC24FC /* Debug */,
				074D2BFC189CCFA700AC24FC /* Release */,
			);
			defaultConfigurationIsVisible = 0;
			defaultConfigurationName = Release;
		};
/* End XCConfigurationList section */
	};
	rootObject = 074D2BBD189CCFA700AC24FC /* Project object */;
}
